
Microsoft Visual Studio Solution File, Format Version 12.00
# Visual Studio 15
VisualStudioVersion = 15.0.28307.572
MinimumVisualStudioVersion = 10.0.40219.1
Project("{FAE04EC0-301F-11D3-BF4B-00C04F79EFBC}") = "예제 10-5", "예제 10-5\예제 10-5.csproj", "{F96496DB-4170-42EB-872B-DB33B1697FA9}"
EndProject
Global
	GlobalSection(SolutionConfigurationPlatforms) = preSolution
		Debug|Any CPU = Debug|Any CPU
		Release|Any CPU = Release|Any CPU
	EndGlobalSection
	GlobalSection(ProjectConfigurationPlatforms) = postSolution
		{F96496DB-4170-42EB-872B-DB33B1697FA9}.Debug|Any CPU.ActiveCfg = Debug|Any CPU
		{F96496DB-4170-42EB-872B-DB33B1697FA9}.Debug|Any CPU.Build.0 = Debug|Any CPU
		{F96496DB-4170-42EB-872B-DB33B1697FA9}.Release|Any CPU.ActiveCfg = Release|Any CPU
		{F96496DB-4170-42EB-872B-DB33B1697FA9}.Release|Any CPU.Build.0 = Release|Any CPU
	EndGlobalSection
	GlobalSection(SolutionProperties) = preSolution
		HideSolutionNode = FALSE
	EndGlobalSection
	GlobalSection(ExtensibilityGlobals) = postSolution
		SolutionGuid = {4FE0BB35-2F70-46AA-9E9C-1FE7B1A024BC}
	EndGlobalSection
EndGlobal
