
Microsoft Visual Studio Solution File, Format Version 12.00
# Visual Studio 15
VisualStudioVersion = 15.0.28307.779
MinimumVisualStudioVersion = 10.0.40219.1
Project("{8BC9CEB8-8B4A-11D0-8D11-00A0C91BC942}") = "Linked List2", "Linked List2\Linked List2.vcxproj", "{319C3090-F49E-432D-A180-B72C9FED9AF9}"
EndProject
Global
	GlobalSection(SolutionConfigurationPlatforms) = preSolution
		Debug|x64 = Debug|x64
		Debug|x86 = Debug|x86
		Release|x64 = Release|x64
		Release|x86 = Release|x86
	EndGlobalSection
	GlobalSection(ProjectConfigurationPlatforms) = postSolution
		{319C3090-F49E-432D-A180-B72C9FED9AF9}.Debug|x64.ActiveCfg = Debug|x64
		{319C3090-F49E-432D-A180-B72C9FED9AF9}.Debug|x64.Build.0 = Debug|x64
		{319C3090-F49E-432D-A180-B72C9FED9AF9}.Debug|x86.ActiveCfg = Debug|Win32
		{319C3090-F49E-432D-A180-B72C9FED9AF9}.Debug|x86.Build.0 = Debug|Win32
		{319C3090-F49E-432D-A180-B72C9FED9AF9}.Release|x64.ActiveCfg = Release|x64
		{319C3090-F49E-432D-A180-B72C9FED9AF9}.Release|x64.Build.0 = Release|x64
		{319C3090-F49E-432D-A180-B72C9FED9AF9}.Release|x86.ActiveCfg = Release|Win32
		{319C3090-F49E-432D-A180-B72C9FED9AF9}.Release|x86.Build.0 = Release|Win32
	EndGlobalSection
	GlobalSection(SolutionProperties) = preSolution
		HideSolutionNode = FALSE
	EndGlobalSection
	GlobalSection(ExtensibilityGlobals) = postSolution
		SolutionGuid = {8DEABBDF-9A22-4D1B-BB1C-10CB20F36674}
	EndGlobalSection
EndGlobal
