
Microsoft Visual Studio Solution File, Format Version 12.00
# Visual Studio 15
VisualStudioVersion = 15.0.28307.779
MinimumVisualStudioVersion = 10.0.40219.1
Project("{8BC9CEB8-8B4A-11D0-8D11-00A0C91BC942}") = "1112_1", "1112_1\1112_1.vcxproj", "{BD2CCE5A-B378-4FD5-A7B1-C7346DD3866B}"
EndProject
Global
	GlobalSection(SolutionConfigurationPlatforms) = preSolution
		Debug|x64 = Debug|x64
		Debug|x86 = Debug|x86
		Release|x64 = Release|x64
		Release|x86 = Release|x86
	EndGlobalSection
	GlobalSection(ProjectConfigurationPlatforms) = postSolution
		{BD2CCE5A-B378-4FD5-A7B1-C7346DD3866B}.Debug|x64.ActiveCfg = Debug|x64
		{BD2CCE5A-B378-4FD5-A7B1-C7346DD3866B}.Debug|x64.Build.0 = Debug|x64
		{BD2CCE5A-B378-4FD5-A7B1-C7346DD3866B}.Debug|x86.ActiveCfg = Debug|Win32
		{BD2CCE5A-B378-4FD5-A7B1-C7346DD3866B}.Debug|x86.Build.0 = Debug|Win32
		{BD2CCE5A-B378-4FD5-A7B1-C7346DD3866B}.Release|x64.ActiveCfg = Release|x64
		{BD2CCE5A-B378-4FD5-A7B1-C7346DD3866B}.Release|x64.Build.0 = Release|x64
		{BD2CCE5A-B378-4FD5-A7B1-C7346DD3866B}.Release|x86.ActiveCfg = Release|Win32
		{BD2CCE5A-B378-4FD5-A7B1-C7346DD3866B}.Release|x86.Build.0 = Release|Win32
	EndGlobalSection
	GlobalSection(SolutionProperties) = preSolution
		HideSolutionNode = FALSE
	EndGlobalSection
	GlobalSection(ExtensibilityGlobals) = postSolution
		SolutionGuid = {DB2CDD44-898C-486F-AD04-EFA029D7E752}
	EndGlobalSection
EndGlobal
